
Microsoft Visual Studio Solution File, Format Version 12.00
# Visual Studio 14
VisualStudioVersion = 14.0.25420.1
MinimumVisualStudioVersion = 10.0.40219.1
Project("{FAE04EC0-301F-11D3-BF4B-00C04F79EFBC}") = "GeneratorLib", "GeneratorLib\GeneratorLib.csproj", "{7BEF7EAA-DE37-40FB-BD33-3DEF0685031F}"
EndProject
Project("{FAE04EC0-301F-11D3-BF4B-00C04F79EFBC}") = "JsonClassGenerator", "Json2Sharp\JsonClassGenerator.csproj", "{A7442683-2415-4DD4-9C52-824F7AF89ABC}"
EndProject
Project("{2150E333-8FDC-42A3-9474-1A3956D46DE8}") = "_Doc", "_Doc", "{28D219AF-87B4-4DD9-8A25-8519322A1FDA}"
	ProjectSection(SolutionItems) = preProject
		Ilmerge.cmd = Ilmerge.cmd
		LICENSE = LICENSE
	EndProjectSection
EndProject
Project("{2150E333-8FDC-42A3-9474-1A3956D46DE8}") = "bin", "bin", "{00345824-B26B-4E26-B1CC-25A94ED60A63}"
	ProjectSection(SolutionItems) = preProject
		Json2Csharp-bin\JsonCSharpClassGenerator.exe = Json2Csharp-bin\JsonCSharpClassGenerator.exe
		Json2Csharp-bin\JsonCSharpClassGenerator.exe.config = Json2Csharp-bin\JsonCSharpClassGenerator.exe.config
		Json2Csharp-bin\Newtonsoft.Json.dll = Json2Csharp-bin\Newtonsoft.Json.dll
		Json2Csharp-bin\System.Data.Entity.Design.PluralizationServices.dll = Json2Csharp-bin\System.Data.Entity.Design.PluralizationServices.dll
		Json2Csharp-bin\Xamasoft.BetterLinkLabel.dll = Json2Csharp-bin\Xamasoft.BetterLinkLabel.dll
		Json2Csharp-bin\Xamasoft.JsonClassGenerator.dll = Json2Csharp-bin\Xamasoft.JsonClassGenerator.dll
	EndProjectSection
EndProject
Global
	GlobalSection(SolutionConfigurationPlatforms) = preSolution
		Debug|Any CPU = Debug|Any CPU
		Debug|Mixed Platforms = Debug|Mixed Platforms
		Debug|x86 = Debug|x86
		Release|Any CPU = Release|Any CPU
		Release|Mixed Platforms = Release|Mixed Platforms
		Release|x86 = Release|x86
	EndGlobalSection
	GlobalSection(ProjectConfigurationPlatforms) = postSolution
		{7BEF7EAA-DE37-40FB-BD33-3DEF0685031F}.Debug|Any CPU.ActiveCfg = Debug|Any CPU
		{7BEF7EAA-DE37-40FB-BD33-3DEF0685031F}.Debug|Any CPU.Build.0 = Debug|Any CPU
		{7BEF7EAA-DE37-40FB-BD33-3DEF0685031F}.Debug|Mixed Platforms.ActiveCfg = Debug|Any CPU
		{7BEF7EAA-DE37-40FB-BD33-3DEF0685031F}.Debug|Mixed Platforms.Build.0 = Debug|Any CPU
		{7BEF7EAA-DE37-40FB-BD33-3DEF0685031F}.Debug|x86.ActiveCfg = Debug|Any CPU
		{7BEF7EAA-DE37-40FB-BD33-3DEF0685031F}.Debug|x86.Build.0 = Debug|Any CPU
		{7BEF7EAA-DE37-40FB-BD33-3DEF0685031F}.Release|Any CPU.ActiveCfg = Release|Any CPU
		{7BEF7EAA-DE37-40FB-BD33-3DEF0685031F}.Release|Any CPU.Build.0 = Release|Any CPU
		{7BEF7EAA-DE37-40FB-BD33-3DEF0685031F}.Release|Mixed Platforms.ActiveCfg = Release|Any CPU
		{7BEF7EAA-DE37-40FB-BD33-3DEF0685031F}.Release|Mixed Platforms.Build.0 = Release|Any CPU
		{7BEF7EAA-DE37-40FB-BD33-3DEF0685031F}.Release|x86.ActiveCfg = Release|Any CPU
		{7BEF7EAA-DE37-40FB-BD33-3DEF0685031F}.Release|x86.Build.0 = Release|Any CPU
		{A7442683-2415-4DD4-9C52-824F7AF89ABC}.Debug|Any CPU.ActiveCfg = Debug|x86
		{A7442683-2415-4DD4-9C52-824F7AF89ABC}.Debug|Mixed Platforms.ActiveCfg = Debug|x86
		{A7442683-2415-4DD4-9C52-824F7AF89ABC}.Debug|Mixed Platforms.Build.0 = Debug|x86
		{A7442683-2415-4DD4-9C52-824F7AF89ABC}.Debug|x86.ActiveCfg = Debug|x86
		{A7442683-2415-4DD4-9C52-824F7AF89ABC}.Debug|x86.Build.0 = Debug|x86
		{A7442683-2415-4DD4-9C52-824F7AF89ABC}.Release|Any CPU.ActiveCfg = Release|x86
		{A7442683-2415-4DD4-9C52-824F7AF89ABC}.Release|Mixed Platforms.ActiveCfg = Release|x86
		{A7442683-2415-4DD4-9C52-824F7AF89ABC}.Release|Mixed Platforms.Build.0 = Release|x86
		{A7442683-2415-4DD4-9C52-824F7AF89ABC}.Release|x86.ActiveCfg = Release|x86
		{A7442683-2415-4DD4-9C52-824F7AF89ABC}.Release|x86.Build.0 = Release|x86
	EndGlobalSection
	GlobalSection(SolutionProperties) = preSolution
		HideSolutionNode = FALSE
	EndGlobalSection
	GlobalSection(NestedProjects) = preSolution
		{00345824-B26B-4E26-B1CC-25A94ED60A63} = {28D219AF-87B4-4DD9-8A25-8519322A1FDA}
	EndGlobalSection
EndGlobal
